// !$*UTF8*$!
{
	archiveVersion = 1;
	classes = {
	};
	objectVersion = 50;
	objects = {

/* Begin PBXBuildFile section */
		8E0A95E42141BBE40033B311 /* HouseTest.swift in Sources */ = {isa = PBXBuildFile; fileRef = 8E0A95E32141BBE40033B311 /* HouseTest.swift */; };
		8E0A95E72141BD9D0033B311 /* House.swift in Sources */ = {isa = PBXBuildFile; fileRef = 8E0A95E62141BD9D0033B311 /* House.swift */; };
		8E0A95E92141C2300033B311 /* Sigil.swift in Sources */ = {isa = PBXBuildFile; fileRef = 8E0A95E82141C2300033B311 /* Sigil.swift */; };
		8E0A95EB2141C9080033B311 /* PersonTest.swift in Sources */ = {isa = PBXBuildFile; fileRef = 8E0A95EA2141C9080033B311 /* PersonTest.swift */; };
		8E0A95ED2141C9240033B311 /* Person.swift in Sources */ = {isa = PBXBuildFile; fileRef = 8E0A95EC2141C9240033B311 /* Person.swift */; };
		8E0EAD522141B381003E3955 /* AppDelegate.swift in Sources */ = {isa = PBXBuildFile; fileRef = 8E0EAD512141B381003E3955 /* AppDelegate.swift */; };
		8E0EAD592141B388003E3955 /* Assets.xcassets in Resources */ = {isa = PBXBuildFile; fileRef = 8E0EAD582141B388003E3955 /* Assets.xcassets */; };
		8E0EAD5C2141B388003E3955 /* LaunchScreen.storyboard in Resources */ = {isa = PBXBuildFile; fileRef = 8E0EAD5A2141B388003E3955 /* LaunchScreen.storyboard */; };
		8E2B3D562152DACD00E30A71 /* Notification+Name.swift in Sources */ = {isa = PBXBuildFile; fileRef = 8E2B3D552152DACD00E30A71 /* Notification+Name.swift */; };
		8E462E22215059DE0077E5E7 /* HouseListViewController.swift in Sources */ = {isa = PBXBuildFile; fileRef = 8E462E20215059DE0077E5E7 /* HouseListViewController.swift */; };
		8E462E23215059DE0077E5E7 /* HouseListViewController.xib in Resources */ = {isa = PBXBuildFile; fileRef = 8E462E21215059DE0077E5E7 /* HouseListViewController.xib */; };
		8E4F4ED5215E15930089EAAE /* Season.swift in Sources */ = {isa = PBXBuildFile; fileRef = 8E4F4ED4215E15930089EAAE /* Season.swift */; };
		8E4F4ED7215E18320089EAAE /* Episode.swift in Sources */ = {isa = PBXBuildFile; fileRef = 8E4F4ED6215E18320089EAAE /* Episode.swift */; };
		8E4F4ED9215E2C7B0089EAAE /* SeasonTest.swift in Sources */ = {isa = PBXBuildFile; fileRef = 8E4F4ED8215E2C7B0089EAAE /* SeasonTest.swift */; };
		8E4F4EDB215E4C540089EAAE /* EspisodeTest.swift in Sources */ = {isa = PBXBuildFile; fileRef = 8E4F4EDA215E4C540089EAAE /* EspisodeTest.swift */; };
		8E67CD772149A1C000D6524C /* codeIsComing.png in Resources */ = {isa = PBXBuildFile; fileRef = 8E67CD762149A1C000D6524C /* codeIsComing.png */; };
		8E67CD7B2149A1D600D6524C /* lannister.jpg in Resources */ = {isa = PBXBuildFile; fileRef = 8E67CD7A2149A1D600D6524C /* lannister.jpg */; };
		8E67CD7F2149A28600D6524C /* targaryenSmall.jpg in Resources */ = {isa = PBXBuildFile; fileRef = 8E67CD7E2149A28600D6524C /* targaryenSmall.jpg */; };
		8E67CD832149A32400D6524C /* HouseDetailViewController.swift in Sources */ = {isa = PBXBuildFile; fileRef = 8E67CD812149A32400D6524C /* HouseDetailViewController.swift */; };
		8E67CD842149A32400D6524C /* HouseDetailViewController.xib in Resources */ = {isa = PBXBuildFile; fileRef = 8E67CD822149A32400D6524C /* HouseDetailViewController.xib */; };
		8E67CD872149B9FA00D6524C /* UIViewController+Navigation .swift in Sources */ = {isa = PBXBuildFile; fileRef = 8E67CD862149B9FA00D6524C /* UIViewController+Navigation .swift */; };
		8E67CD892149BC2B00D6524C /* Repository.swift in Sources */ = {isa = PBXBuildFile; fileRef = 8E67CD882149BC2B00D6524C /* Repository.swift */; };
		8E67CD8C2149BCC700D6524C /* Repository.swift in Sources */ = {isa = PBXBuildFile; fileRef = 8E67CD8B2149BCC700D6524C /* Repository.swift */; };
		8E7177A52150336D004AC289 /* WikiViewController.swift in Sources */ = {isa = PBXBuildFile; fileRef = 8E7177A32150336D004AC289 /* WikiViewController.swift */; };
		8E7177A62150336D004AC289 /* WikiViewController.xib in Resources */ = {isa = PBXBuildFile; fileRef = 8E7177A42150336D004AC289 /* WikiViewController.xib */; };
		8EE9EBE0215189BA00C18125 /* MemberListViewController.swift in Sources */ = {isa = PBXBuildFile; fileRef = 8EE9EBDE215189BA00C18125 /* MemberListViewController.swift */; };
		8EE9EBE1215189BA00C18125 /* MemberListViewController.xib in Resources */ = {isa = PBXBuildFile; fileRef = 8EE9EBDF215189BA00C18125 /* MemberListViewController.xib */; };
		8EE9EBE32151A9F300C18125 /* Constants.swift in Sources */ = {isa = PBXBuildFile; fileRef = 8EE9EBE22151A9F300C18125 /* Constants.swift */; };
/* End PBXBuildFile section */

/* Begin PBXContainerItemProxy section */
		8E0EAD632141B388003E3955 /* PBXContainerItemProxy */ = {
			isa = PBXContainerItemProxy;
			containerPortal = 8E0EAD462141B381003E3955 /* Project object */;
			proxyType = 1;
			remoteGlobalIDString = 8E0EAD4D2141B381003E3955;
			remoteInfo = Westeros;
		};
/* End PBXContainerItemProxy section */

/* Begin PBXFileReference section */
		8E0A95E32141BBE40033B311 /* HouseTest.swift */ = {isa = PBXFileReference; lastKnownFileType = sourcecode.swift; path = HouseTest.swift; sourceTree = "<group>"; };
		8E0A95E62141BD9D0033B311 /* House.swift */ = {isa = PBXFileReference; lastKnownFileType = sourcecode.swift; path = House.swift; sourceTree = "<group>"; };
		8E0A95E82141C2300033B311 /* Sigil.swift */ = {isa = PBXFileReference; lastKnownFileType = sourcecode.swift; path = Sigil.swift; sourceTree = "<group>"; };
		8E0A95EA2141C9080033B311 /* PersonTest.swift */ = {isa = PBXFileReference; lastKnownFileType = sourcecode.swift; path = PersonTest.swift; sourceTree = "<group>"; };
		8E0A95EC2141C9240033B311 /* Person.swift */ = {isa = PBXFileReference; lastKnownFileType = sourcecode.swift; path = Person.swift; sourceTree = "<group>"; };
		8E0EAD4E2141B381003E3955 /* Westeros.app */ = {isa = PBXFileReference; explicitFileType = wrapper.application; includeInIndex = 0; path = Westeros.app; sourceTree = BUILT_PRODUCTS_DIR; };
		8E0EAD512141B381003E3955 /* AppDelegate.swift */ = {isa = PBXFileReference; lastKnownFileType = sourcecode.swift; path = AppDelegate.swift; sourceTree = "<group>"; };
		8E0EAD582141B388003E3955 /* Assets.xcassets */ = {isa = PBXFileReference; lastKnownFileType = folder.assetcatalog; path = Assets.xcassets; sourceTree = "<group>"; };
		8E0EAD5B2141B388003E3955 /* Base */ = {isa = PBXFileReference; lastKnownFileType = file.storyboard; name = Base; path = Base.lproj/LaunchScreen.storyboard; sourceTree = "<group>"; };
		8E0EAD5D2141B388003E3955 /* Info.plist */ = {isa = PBXFileReference; lastKnownFileType = text.plist.xml; path = Info.plist; sourceTree = "<group>"; };
		8E0EAD622141B388003E3955 /* WesterosTests.xctest */ = {isa = PBXFileReference; explicitFileType = wrapper.cfbundle; includeInIndex = 0; path = WesterosTests.xctest; sourceTree = BUILT_PRODUCTS_DIR; };
		8E0EAD682141B388003E3955 /* Info.plist */ = {isa = PBXFileReference; lastKnownFileType = text.plist.xml; path = Info.plist; sourceTree = "<group>"; };
		8E2B3D552152DACD00E30A71 /* Notification+Name.swift */ = {isa = PBXFileReference; lastKnownFileType = sourcecode.swift; path = "Notification+Name.swift"; sourceTree = "<group>"; };
		8E462E20215059DE0077E5E7 /* HouseListViewController.swift */ = {isa = PBXFileReference; lastKnownFileType = sourcecode.swift; path = HouseListViewController.swift; sourceTree = "<group>"; };
		8E462E21215059DE0077E5E7 /* HouseListViewController.xib */ = {isa = PBXFileReference; lastKnownFileType = file.xib; path = HouseListViewController.xib; sourceTree = "<group>"; };
		8E4F4ED4215E15930089EAAE /* Season.swift */ = {isa = PBXFileReference; lastKnownFileType = sourcecode.swift; path = Season.swift; sourceTree = "<group>"; };
		8E4F4ED6215E18320089EAAE /* Episode.swift */ = {isa = PBXFileReference; lastKnownFileType = sourcecode.swift; path = Episode.swift; sourceTree = "<group>"; };
		8E4F4ED8215E2C7B0089EAAE /* SeasonTest.swift */ = {isa = PBXFileReference; lastKnownFileType = sourcecode.swift; path = SeasonTest.swift; sourceTree = "<group>"; };
		8E4F4EDA215E4C540089EAAE /* EspisodeTest.swift */ = {isa = PBXFileReference; lastKnownFileType = sourcecode.swift; path = EspisodeTest.swift; sourceTree = "<group>"; };
		8E67CD762149A1C000D6524C /* codeIsComing.png */ = {isa = PBXFileReference; lastKnownFileType = image.png; path = codeIsComing.png; sourceTree = "<group>"; };
		8E67CD7A2149A1D600D6524C /* lannister.jpg */ = {isa = PBXFileReference; lastKnownFileType = image.jpeg; path = lannister.jpg; sourceTree = "<group>"; };
		8E67CD7E2149A28600D6524C /* targaryenSmall.jpg */ = {isa = PBXFileReference; lastKnownFileType = image.jpeg; path = targaryenSmall.jpg; sourceTree = "<group>"; };
		8E67CD812149A32400D6524C /* HouseDetailViewController.swift */ = {isa = PBXFileReference; lastKnownFileType = sourcecode.swift; path = HouseDetailViewController.swift; sourceTree = "<group>"; usesTabs = 0; };
		8E67CD822149A32400D6524C /* HouseDetailViewController.xib */ = {isa = PBXFileReference; lastKnownFileType = file.xib; path = HouseDetailViewController.xib; sourceTree = "<group>"; };
		8E67CD862149B9FA00D6524C /* UIViewController+Navigation .swift */ = {isa = PBXFileReference; lastKnownFileType = sourcecode.swift; path = "UIViewController+Navigation .swift"; sourceTree = "<group>"; };
		8E67CD882149BC2B00D6524C /* Repository.swift */ = {isa = PBXFileReference; lastKnownFileType = sourcecode.swift; path = Repository.swift; sourceTree = "<group>"; };
		8E67CD8B2149BCC700D6524C /* Repository.swift */ = {isa = PBXFileReference; lastKnownFileType = sourcecode.swift; path = Repository.swift; sourceTree = "<group>"; };
		8E7177A32150336D004AC289 /* WikiViewController.swift */ = {isa = PBXFileReference; lastKnownFileType = sourcecode.swift; path = WikiViewController.swift; sourceTree = "<group>"; };
		8E7177A42150336D004AC289 /* WikiViewController.xib */ = {isa = PBXFileReference; lastKnownFileType = file.xib; path = WikiViewController.xib; sourceTree = "<group>"; };
		8EE9EBDE215189BA00C18125 /* MemberListViewController.swift */ = {isa = PBXFileReference; lastKnownFileType = sourcecode.swift; path = MemberListViewController.swift; sourceTree = "<group>"; };
		8EE9EBDF215189BA00C18125 /* MemberListViewController.xib */ = {isa = PBXFileReference; lastKnownFileType = file.xib; path = MemberListViewController.xib; sourceTree = "<group>"; };
		8EE9EBE22151A9F300C18125 /* Constants.swift */ = {isa = PBXFileReference; lastKnownFileType = sourcecode.swift; path = Constants.swift; sourceTree = "<group>"; };
/* End PBXFileReference section */

/* Begin PBXFrameworksBuildPhase section */
		8E0EAD4B2141B381003E3955 /* Frameworks */ = {
			isa = PBXFrameworksBuildPhase;
			buildActionMask = 2147483647;
			files = (
			);
			runOnlyForDeploymentPostprocessing = 0;
		};
		8E0EAD5F2141B388003E3955 /* Frameworks */ = {
			isa = PBXFrameworksBuildPhase;
			buildActionMask = 2147483647;
			files = (
			);
			runOnlyForDeploymentPostprocessing = 0;
		};
/* End PBXFrameworksBuildPhase section */

/* Begin PBXGroup section */
		8E0A95E52141BD750033B311 /* Domain */ = {
			isa = PBXGroup;
			children = (
				8E67CD8A2149BCAD00D6524C /* Repositories */,
				8E0A95E62141BD9D0033B311 /* House.swift */,
				8E0A95E82141C2300033B311 /* Sigil.swift */,
				8E0A95EC2141C9240033B311 /* Person.swift */,
				8E4F4ED4215E15930089EAAE /* Season.swift */,
				8E4F4ED6215E18320089EAAE /* Episode.swift */,
			);
			path = Domain;
			sourceTree = "<group>";
		};
		8E0EAD452141B381003E3955 = {
			isa = PBXGroup;
			children = (
				8E0EAD502141B381003E3955 /* Westeros */,
				8E0EAD652141B388003E3955 /* WesterosTests */,
				8E0EAD4F2141B381003E3955 /* Products */,
			);
			sourceTree = "<group>";
		};
		8E0EAD4F2141B381003E3955 /* Products */ = {
			isa = PBXGroup;
			children = (
				8E0EAD4E2141B381003E3955 /* Westeros.app */,
				8E0EAD622141B388003E3955 /* WesterosTests.xctest */,
			);
			name = Products;
			sourceTree = "<group>";
		};
		8E0EAD502141B381003E3955 /* Westeros */ = {
			isa = PBXGroup;
			children = (
				8EE9EBE22151A9F300C18125 /* Constants.swift */,
				8E67CD852149B9A600D6524C /* Additions */,
				8E67CD802149A29F00D6524C /* Controllers */,
				8E67CD7C2149A1EE00D6524C /* Resources */,
				8E0A95E52141BD750033B311 /* Domain */,
				8E0EAD512141B381003E3955 /* AppDelegate.swift */,
				8E0EAD582141B388003E3955 /* Assets.xcassets */,
				8E0EAD5A2141B388003E3955 /* LaunchScreen.storyboard */,
				8E0EAD5D2141B388003E3955 /* Info.plist */,
			);
			path = Westeros;
			sourceTree = "<group>";
		};
		8E0EAD652141B388003E3955 /* WesterosTests */ = {
			isa = PBXGroup;
			children = (
				8E0EAD682141B388003E3955 /* Info.plist */,
				8E0A95E32141BBE40033B311 /* HouseTest.swift */,
				8E0A95EA2141C9080033B311 /* PersonTest.swift */,
				8E67CD882149BC2B00D6524C /* Repository.swift */,
				8E4F4ED8215E2C7B0089EAAE /* SeasonTest.swift */,
				8E4F4EDA215E4C540089EAAE /* EspisodeTest.swift */,
			);
			path = WesterosTests;
			sourceTree = "<group>";
		};
		8E67CD7C2149A1EE00D6524C /* Resources */ = {
			isa = PBXGroup;
			children = (
				8E67CD7E2149A28600D6524C /* targaryenSmall.jpg */,
				8E67CD7A2149A1D600D6524C /* lannister.jpg */,
				8E67CD762149A1C000D6524C /* codeIsComing.png */,
			);
			path = Resources;
			sourceTree = "<group>";
		};
		8E67CD802149A29F00D6524C /* Controllers */ = {
			isa = PBXGroup;
			children = (
				8E462E20215059DE0077E5E7 /* HouseListViewController.swift */,
				8E462E21215059DE0077E5E7 /* HouseListViewController.xib */,
				8E67CD812149A32400D6524C /* HouseDetailViewController.swift */,
				8E67CD822149A32400D6524C /* HouseDetailViewController.xib */,
				8E7177A32150336D004AC289 /* WikiViewController.swift */,
				8E7177A42150336D004AC289 /* WikiViewController.xib */,
				8EE9EBDE215189BA00C18125 /* MemberListViewController.swift */,
				8EE9EBDF215189BA00C18125 /* MemberListViewController.xib */,
			);
			path = Controllers;
			sourceTree = "<group>";
		};
		8E67CD852149B9A600D6524C /* Additions */ = {
			isa = PBXGroup;
			children = (
				8E67CD862149B9FA00D6524C /* UIViewController+Navigation .swift */,
				8E2B3D552152DACD00E30A71 /* Notification+Name.swift */,
			);
			path = Additions;
			sourceTree = "<group>";
		};
		8E67CD8A2149BCAD00D6524C /* Repositories */ = {
			isa = PBXGroup;
			children = (
				8E67CD8B2149BCC700D6524C /* Repository.swift */,
			);
			path = Repositories;
			sourceTree = "<group>";
		};
/* End PBXGroup section */

/* Begin PBXNativeTarget section */
		8E0EAD4D2141B381003E3955 /* Westeros */ = {
			isa = PBXNativeTarget;
			buildConfigurationList = 8E0EAD6B2141B388003E3955 /* Build configuration list for PBXNativeTarget "Westeros" */;
			buildPhases = (
				8E0EAD4A2141B381003E3955 /* Sources */,
				8E0EAD4B2141B381003E3955 /* Frameworks */,
				8E0EAD4C2141B381003E3955 /* Resources */,
			);
			buildRules = (
			);
			dependencies = (
			);
			name = Westeros;
			productName = Westeros;
			productReference = 8E0EAD4E2141B381003E3955 /* Westeros.app */;
			productType = "com.apple.product-type.application";
		};
		8E0EAD612141B388003E3955 /* WesterosTests */ = {
			isa = PBXNativeTarget;
			buildConfigurationList = 8E0EAD6E2141B388003E3955 /* Build configuration list for PBXNativeTarget "WesterosTests" */;
			buildPhases = (
				8E0EAD5E2141B388003E3955 /* Sources */,
				8E0EAD5F2141B388003E3955 /* Frameworks */,
				8E0EAD602141B388003E3955 /* Resources */,
			);
			buildRules = (
			);
			dependencies = (
				8E0EAD642141B388003E3955 /* PBXTargetDependency */,
			);
			name = WesterosTests;
			productName = WesterosTests;
			productReference = 8E0EAD622141B388003E3955 /* WesterosTests.xctest */;
			productType = "com.apple.product-type.bundle.unit-test";
		};
/* End PBXNativeTarget section */

/* Begin PBXProject section */
		8E0EAD462141B381003E3955 /* Project object */ = {
			isa = PBXProject;
			attributes = {
				LastSwiftUpdateCheck = 1000;
				LastUpgradeCheck = 1000;
				ORGANIZATIONNAME = "Web Cor";
				TargetAttributes = {
					8E0EAD4D2141B381003E3955 = {
						CreatedOnToolsVersion = 10.0;
					};
					8E0EAD612141B388003E3955 = {
						CreatedOnToolsVersion = 10.0;
						LastSwiftMigration = 1000;
						TestTargetID = 8E0EAD4D2141B381003E3955;
					};
				};
			};
			buildConfigurationList = 8E0EAD492141B381003E3955 /* Build configuration list for PBXProject "Westeros" */;
			compatibilityVersion = "Xcode 9.3";
			developmentRegion = en;
			hasScannedForEncodings = 0;
			knownRegions = (
				en,
				Base,
			);
			mainGroup = 8E0EAD452141B381003E3955;
			productRefGroup = 8E0EAD4F2141B381003E3955 /* Products */;
			projectDirPath = "";
			projectRoot = "";
			targets = (
				8E0EAD4D2141B381003E3955 /* Westeros */,
				8E0EAD612141B388003E3955 /* WesterosTests */,
			);
		};
/* End PBXProject section */

/* Begin PBXResourcesBuildPhase section */
		8E0EAD4C2141B381003E3955 /* Resources */ = {
			isa = PBXResourcesBuildPhase;
			buildActionMask = 2147483647;
			files = (
				8E67CD772149A1C000D6524C /* codeIsComing.png in Resources */,
				8E7177A62150336D004AC289 /* WikiViewController.xib in Resources */,
				8E67CD7F2149A28600D6524C /* targaryenSmall.jpg in Resources */,
				8E462E23215059DE0077E5E7 /* HouseListViewController.xib in Resources */,
				8EE9EBE1215189BA00C18125 /* MemberListViewController.xib in Resources */,
				8E67CD842149A32400D6524C /* HouseDetailViewController.xib in Resources */,
				8E0EAD5C2141B388003E3955 /* LaunchScreen.storyboard in Resources */,
				8E67CD7B2149A1D600D6524C /* lannister.jpg in Resources */,
				8E0EAD592141B388003E3955 /* Assets.xcassets in Resources */,
			);
			runOnlyForDeploymentPostprocessing = 0;
		};
		8E0EAD602141B388003E3955 /* Resources */ = {
			isa = PBXResourcesBuildPhase;
			buildActionMask = 2147483647;
			files = (
			);
			runOnlyForDeploymentPostprocessing = 0;
		};
/* End PBXResourcesBuildPhase section */

/* Begin PBXSourcesBuildPhase section */
		8E0EAD4A2141B381003E3955 /* Sources */ = {
			isa = PBXSourcesBuildPhase;
			buildActionMask = 2147483647;
			files = (
				8E67CD8C2149BCC700D6524C /* Repository.swift in Sources */,
				8E67CD832149A32400D6524C /* HouseDetailViewController.swift in Sources */,
				8E67CD872149B9FA00D6524C /* UIViewController+Navigation .swift in Sources */,
				8E0A95E92141C2300033B311 /* Sigil.swift in Sources */,
				8EE9EBE32151A9F300C18125 /* Constants.swift in Sources */,
				8E2B3D562152DACD00E30A71 /* Notification+Name.swift in Sources */,
				8EE9EBE0215189BA00C18125 /* MemberListViewController.swift in Sources */,
				8E0A95E72141BD9D0033B311 /* House.swift in Sources */,
				8E4F4ED5215E15930089EAAE /* Season.swift in Sources */,
				8E4F4ED7215E18320089EAAE /* Episode.swift in Sources */,
				8E0EAD522141B381003E3955 /* AppDelegate.swift in Sources */,
				8E7177A52150336D004AC289 /* WikiViewController.swift in Sources */,
				8E0A95ED2141C9240033B311 /* Person.swift in Sources */,
				8E462E22215059DE0077E5E7 /* HouseListViewController.swift in Sources */,
			);
			runOnlyForDeploymentPostprocessing = 0;
		};
		8E0EAD5E2141B388003E3955 /* Sources */ = {
			isa = PBXSourcesBuildPhase;
			buildActionMask = 2147483647;
			files = (
				8E4F4EDB215E4C540089EAAE /* EspisodeTest.swift in Sources */,
				8E4F4ED9215E2C7B0089EAAE /* SeasonTest.swift in Sources */,
				8E0A95E42141BBE40033B311 /* HouseTest.swift in Sources */,
				8E0A95EB2141C9080033B311 /* PersonTest.swift in Sources */,
				8E67CD892149BC2B00D6524C /* Repository.swift in Sources */,
			);
			runOnlyForDeploymentPostprocessing = 0;
		};
/* End PBXSourcesBuildPhase section */

/* Begin PBXTargetDependency section */
		8E0EAD642141B388003E3955 /* PBXTargetDependency */ = {
			isa = PBXTargetDependency;
			target = 8E0EAD4D2141B381003E3955 /* Westeros */;
			targetProxy = 8E0EAD632141B388003E3955 /* PBXContainerItemProxy */;
		};
/* End PBXTargetDependency section */

/* Begin PBXVariantGroup section */
		8E0EAD5A2141B388003E3955 /* LaunchScreen.storyboard */ = {
			isa = PBXVariantGroup;
			children = (
				8E0EAD5B2141B388003E3955 /* Base */,
			);
			name = LaunchScreen.storyboard;
			sourceTree = "<group>";
		};
/* End PBXVariantGroup section */

/* Begin XCBuildConfiguration section */
		8E0EAD692141B388003E3955 /* Debug */ = {
			isa = XCBuildConfiguration;
			buildSettings = {
				ALWAYS_SEARCH_USER_PATHS = NO;
				CLANG_ANALYZER_NONNULL = YES;
				CLANG_ANALYZER_NUMBER_OBJECT_CONVERSION = YES_AGGRESSIVE;
				CLANG_CXX_LANGUAGE_STANDARD = "gnu++14";
				CLANG_CXX_LIBRARY = "libc++";
				CLANG_ENABLE_MODULES = YES;
				CLANG_ENABLE_OBJC_ARC = YES;
				CLANG_ENABLE_OBJC_WEAK = YES;
				CLANG_WARN_BLOCK_CAPTURE_AUTORELEASING = YES;
				CLANG_WARN_BOOL_CONVERSION = YES;
				CLANG_WARN_COMMA = YES;
				CLANG_WARN_CONSTANT_CONVERSION = YES;
				CLANG_WARN_DEPRECATED_OBJC_IMPLEMENTATIONS = YES;
				CLANG_WARN_DIRECT_OBJC_ISA_USAGE = YES_ERROR;
				CLANG_WARN_DOCUMENTATION_COMMENTS = YES;
				CLANG_WARN_EMPTY_BODY = YES;
				CLANG_WARN_ENUM_CONVERSION = YES;
				CLANG_WARN_INFINITE_RECURSION = YES;
				CLANG_WARN_INT_CONVERSION = YES;
				CLANG_WARN_NON_LITERAL_NULL_CONVERSION = YES;
				CLANG_WARN_OBJC_IMPLICIT_RETAIN_SELF = YES;
				CLANG_WARN_OBJC_LITERAL_CONVERSION = YES;
				CLANG_WARN_OBJC_ROOT_CLASS = YES_ERROR;
				CLANG_WARN_RANGE_LOOP_ANALYSIS = YES;
				CLANG_WARN_STRICT_PROTOTYPES = YES;
				CLANG_WARN_SUSPICIOUS_MOVE = YES;
				CLANG_WARN_UNGUARDED_AVAILABILITY = YES_AGGRESSIVE;
				CLANG_WARN_UNREACHABLE_CODE = YES;
				CLANG_WARN__DUPLICATE_METHOD_MATCH = YES;
				CODE_SIGN_IDENTITY = "iPhone Developer";
				COPY_PHASE_STRIP = NO;
				DEBUG_INFORMATION_FORMAT = dwarf;
				ENABLE_STRICT_OBJC_MSGSEND = YES;
				ENABLE_TESTABILITY = YES;
				GCC_C_LANGUAGE_STANDARD = gnu11;
				GCC_DYNAMIC_NO_PIC = NO;
				GCC_NO_COMMON_BLOCKS = YES;
				GCC_OPTIMIZATION_LEVEL = 0;
				GCC_PREPROCESSOR_DEFINITIONS = (
					"DEBUG=1",
					"$(inherited)",
				);
				GCC_WARN_64_TO_32_BIT_CONVERSION = YES;
				GCC_WARN_ABOUT_RETURN_TYPE = YES_ERROR;
				GCC_WARN_UNDECLARED_SELECTOR = YES;
				GCC_WARN_UNINITIALIZED_AUTOS = YES_AGGRESSIVE;
				GCC_WARN_UNUSED_FUNCTION = YES;
				GCC_WARN_UNUSED_VARIABLE = YES;
				IPHONEOS_DEPLOYMENT_TARGET = 12.0;
				MTL_ENABLE_DEBUG_INFO = INCLUDE_SOURCE;
				MTL_FAST_MATH = YES;
				ONLY_ACTIVE_ARCH = YES;
				SDKROOT = iphoneos;
				SWIFT_ACTIVE_COMPILATION_CONDITIONS = DEBUG;
				SWIFT_OPTIMIZATION_LEVEL = "-Onone";
			};
			name = Debug;
		};
		8E0EAD6A2141B388003E3955 /* Release */ = {
			isa = XCBuildConfiguration;
			buildSettings = {
				ALWAYS_SEARCH_USER_PATHS = NO;
				CLANG_ANALYZER_NONNULL = YES;
				CLANG_ANALYZER_NUMBER_OBJECT_CONVERSION = YES_AGGRESSIVE;
				CLANG_CXX_LANGUAGE_STANDARD = "gnu++14";
				CLANG_CXX_LIBRARY = "libc++";
				CLANG_ENABLE_MODULES = YES;
				CLANG_ENABLE_OBJC_ARC = YES;
				CLANG_ENABLE_OBJC_WEAK = YES;
				CLANG_WARN_BLOCK_CAPTURE_AUTORELEASING = YES;
				CLANG_WARN_BOOL_CONVERSION = YES;
				CLANG_WARN_COMMA = YES;
				CLANG_WARN_CONSTANT_CONVERSION = YES;
				CLANG_WARN_DEPRECATED_OBJC_IMPLEMENTATIONS = YES;
				CLANG_WARN_DIRECT_OBJC_ISA_USAGE = YES_ERROR;
				CLANG_WARN_DOCUMENTATION_COMMENTS = YES;
				CLANG_WARN_EMPTY_BODY = YES;
				CLANG_WARN_ENUM_CONVERSION = YES;
				CLANG_WARN_INFINITE_RECURSION = YES;
				CLANG_WARN_INT_CONVERSION = YES;
				CLANG_WARN_NON_LITERAL_NULL_CONVERSION = YES;
				CLANG_WARN_OBJC_IMPLICIT_RETAIN_SELF = YES;
				CLANG_WARN_OBJC_LITERAL_CONVERSION = YES;
				CLANG_WARN_OBJC_ROOT_CLASS = YES_ERROR;
				CLANG_WARN_RANGE_LOOP_ANALYSIS = YES;
				CLANG_WARN_STRICT_PROTOTYPES = YES;
				CLANG_WARN_SUSPICIOUS_MOVE = YES;
				CLANG_WARN_UNGUARDED_AVAILABILITY = YES_AGGRESSIVE;
				CLANG_WARN_UNREACHABLE_CODE = YES;
				CLANG_WARN__DUPLICATE_METHOD_MATCH = YES;
				CODE_SIGN_IDENTITY = "iPhone Developer";
				COPY_PHASE_STRIP = NO;
				DEBUG_INFORMATION_FORMAT = "dwarf-with-dsym";
				ENABLE_NS_ASSERTIONS = NO;
				ENABLE_STRICT_OBJC_MSGSEND = YES;
				GCC_C_LANGUAGE_STANDARD = gnu11;
				GCC_NO_COMMON_BLOCKS = YES;
				GCC_WARN_64_TO_32_BIT_CONVERSION = YES;
				GCC_WARN_ABOUT_RETURN_TYPE = YES_ERROR;
				GCC_WARN_UNDECLARED_SELECTOR = YES;
				GCC_WARN_UNINITIALIZED_AUTOS = YES_AGGRESSIVE;
				GCC_WARN_UNUSED_FUNCTION = YES;
				GCC_WARN_UNUSED_VARIABLE = YES;
				IPHONEOS_DEPLOYMENT_TARGET = 12.0;
				MTL_ENABLE_DEBUG_INFO = NO;
				MTL_FAST_MATH = YES;
				SDKROOT = iphoneos;
				SWIFT_COMPILATION_MODE = wholemodule;
				SWIFT_OPTIMIZATION_LEVEL = "-O";
				VALIDATE_PRODUCT = YES;
			};
			name = Release;
		};
		8E0EAD6C2141B388003E3955 /* Debug */ = {
			isa = XCBuildConfiguration;
			buildSettings = {
				ASSETCATALOG_COMPILER_APPICON_NAME = AppIcon;
				CODE_SIGN_STYLE = Automatic;
				DEVELOPMENT_TEAM = 2HJZHVTW9M;
				INFOPLIST_FILE = Westeros/Info.plist;
				LD_RUNPATH_SEARCH_PATHS = (
					"$(inherited)",
					"@executable_path/Frameworks",
				);
				PRODUCT_BUNDLE_IDENTIFIER = es.webcor.Westeros;
				PRODUCT_NAME = "$(TARGET_NAME)";
				SWIFT_VERSION = 4.2;
				TARGETED_DEVICE_FAMILY = "1,2";
			};
			name = Debug;
		};
		8E0EAD6D2141B388003E3955 /* Release */ = {
			isa = XCBuildConfiguration;
			buildSettings = {
				ASSETCATALOG_COMPILER_APPICON_NAME = AppIcon;
				CODE_SIGN_STYLE = Automatic;
				DEVELOPMENT_TEAM = 2HJZHVTW9M;
				INFOPLIST_FILE = Westeros/Info.plist;
				LD_RUNPATH_SEARCH_PATHS = (
					"$(inherited)",
					"@executable_path/Frameworks",
				);
				PRODUCT_BUNDLE_IDENTIFIER = es.webcor.Westeros;
				PRODUCT_NAME = "$(TARGET_NAME)";
				SWIFT_VERSION = 4.2;
				TARGETED_DEVICE_FAMILY = "1,2";
			};
			name = Release;
		};
		8E0EAD6F2141B388003E3955 /* Debug */ = {
			isa = XCBuildConfiguration;
			buildSettings = {
				ALWAYS_EMBED_SWIFT_STANDARD_LIBRARIES = YES;
				BUNDLE_LOADER = "$(TEST_HOST)";
				CLANG_ENABLE_MODULES = YES;
				CODE_SIGN_STYLE = Automatic;
				INFOPLIST_FILE = WesterosTests/Info.plist;
				LD_RUNPATH_SEARCH_PATHS = (
					"$(inherited)",
					"@executable_path/Frameworks",
					"@loader_path/Frameworks",
				);
				PRODUCT_BUNDLE_IDENTIFIER = es.webcor.WesterosTests;
				PRODUCT_NAME = "$(TARGET_NAME)";
				SWIFT_OPTIMIZATION_LEVEL = "-Onone";
				SWIFT_VERSION = 4.2;
				TARGETED_DEVICE_FAMILY = "1,2";
				TEST_HOST = "$(BUILT_PRODUCTS_DIR)/Westeros.app/Westeros";
			};
			name = Debug;
		};
		8E0EAD702141B388003E3955 /* Release */ = {
			isa = XCBuildConfiguration;
			buildSettings = {
				ALWAYS_EMBED_SWIFT_STANDARD_LIBRARIES = YES;
				BUNDLE_LOADER = "$(TEST_HOST)";
				CLANG_ENABLE_MODULES = YES;
				CODE_SIGN_STYLE = Automatic;
				INFOPLIST_FILE = WesterosTests/Info.plist;
				LD_RUNPATH_SEARCH_PATHS = (
					"$(inherited)",
					"@executable_path/Frameworks",
					"@loader_path/Frameworks",
				);
				PRODUCT_BUNDLE_IDENTIFIER = es.webcor.WesterosTests;
				PRODUCT_NAME = "$(TARGET_NAME)";
				SWIFT_VERSION = 4.2;
				TARGETED_DEVICE_FAMILY = "1,2";
				TEST_HOST = "$(BUILT_PRODUCTS_DIR)/Westeros.app/Westeros";
			};
			name = Release;
		};
/* End XCBuildConfiguration section */

/* Begin XCConfigurationList section */
		8E0EAD492141B381003E3955 /* Build configuration list for PBXProject "Westeros" */ = {
			isa = XCConfigurationList;
			buildConfigurations = (
				8E0EAD692141B388003E3955 /* Debug */,
				8E0EAD6A2141B388003E3955 /* Release */,
			);
			defaultConfigurationIsVisible = 0;
			defaultConfigurationName = Release;
		};
		8E0EAD6B2141B388003E3955 /* Build configuration list for PBXNativeTarget "Westeros" */ = {
			isa = XCConfigurationList;
			buildConfigurations = (
				8E0EAD6C2141B388003E3955 /* Debug */,
				8E0EAD6D2141B388003E3955 /* Release */,
			);
			defaultConfigurationIsVisible = 0;
			defaultConfigurationName = Release;
		};
		8E0EAD6E2141B388003E3955 /* Build configuration list for PBXNativeTarget "WesterosTests" */ = {
			isa = XCConfigurationList;
			buildConfigurations = (
				8E0EAD6F2141B388003E3955 /* Debug */,
				8E0EAD702141B388003E3955 /* Release */,
			);
			defaultConfigurationIsVisible = 0;
			defaultConfigurationName = Release;
		};
/* End XCConfigurationList section */
	};
	rootObject = 8E0EAD462141B381003E3955 /* Project object */;
}
